
Microsoft Visual Studio Solution File, Format Version 12.00
# Visual Studio 14
VisualStudioVersion = 14.0.25123.0
MinimumVisualStudioVersion = 10.0.40219.1
Project("{2150E333-8FDC-42A3-9474-1A3956D46DE8}") = "SourceCode", "SourceCode", "{0DE5803D-1284-44CA-80B4-798B372EAFA6}"
EndProject
Project("{FAE04EC0-301F-11D3-BF4B-00C04F79EFBC}") = "ConsoleApplication1", "ConsoleApplication1\ConsoleApplication1.csproj", "{272010CA-3A0D-418D-ADA6-ECCEC17EF7DE}"
EndProject
Project("{2150E333-8FDC-42A3-9474-1A3956D46DE8}") = "Libraries", "Libraries", "{7EE6D72C-FB7B-4B2E-BD2E-8372D0167E3B}"
EndProject
Project("{FAE04EC0-301F-11D3-BF4B-00C04F79EFBC}") = "SmartFrame.Core", "Libraries\SmartFrame.Core\SmartFrame.Core.csproj", "{199407A5-3C75-4611-9297-8768F04C3FC4}"
EndProject
Global
	GlobalSection(SolutionConfigurationPlatforms) = preSolution
		Debug|Any CPU = Debug|Any CPU
		Release|Any CPU = Release|Any CPU
	EndGlobalSection
	GlobalSection(ProjectConfigurationPlatforms) = postSolution
		{272010CA-3A0D-418D-ADA6-ECCEC17EF7DE}.Debug|Any CPU.ActiveCfg = Debug|Any CPU
		{272010CA-3A0D-418D-ADA6-ECCEC17EF7DE}.Debug|Any CPU.Build.0 = Debug|Any CPU
		{272010CA-3A0D-418D-ADA6-ECCEC17EF7DE}.Release|Any CPU.ActiveCfg = Release|Any CPU
		{272010CA-3A0D-418D-ADA6-ECCEC17EF7DE}.Release|Any CPU.Build.0 = Release|Any CPU
		{199407A5-3C75-4611-9297-8768F04C3FC4}.Debug|Any CPU.ActiveCfg = Debug|Any CPU
		{199407A5-3C75-4611-9297-8768F04C3FC4}.Debug|Any CPU.Build.0 = Debug|Any CPU
		{199407A5-3C75-4611-9297-8768F04C3FC4}.Release|Any CPU.ActiveCfg = Release|Any CPU
		{199407A5-3C75-4611-9297-8768F04C3FC4}.Release|Any CPU.Build.0 = Release|Any CPU
	EndGlobalSection
	GlobalSection(SolutionProperties) = preSolution
		HideSolutionNode = FALSE
	EndGlobalSection
	GlobalSection(NestedProjects) = preSolution
		{272010CA-3A0D-418D-ADA6-ECCEC17EF7DE} = {0DE5803D-1284-44CA-80B4-798B372EAFA6}
		{7EE6D72C-FB7B-4B2E-BD2E-8372D0167E3B} = {0DE5803D-1284-44CA-80B4-798B372EAFA6}
		{199407A5-3C75-4611-9297-8768F04C3FC4} = {7EE6D72C-FB7B-4B2E-BD2E-8372D0167E3B}
	EndGlobalSection
EndGlobal
